
Microsoft Visual Studio Solution File, Format Version 12.00
# Visual Studio 15
VisualStudioVersion = 15.0.27703.2000
MinimumVisualStudioVersion = 10.0.40219.1
Project("{FAE04EC0-301F-11D3-BF4B-00C04F79EFBC}") = "Lucky Numbers (Felton)", "Lucky Numbers (Felton)\Lucky Numbers (Felton).csproj", "{94ADC09A-239A-4B28-AE6D-FBE286EAB34E}"
EndProject
Global
	GlobalSection(SolutionConfigurationPlatforms) = preSolution
		Debug|Any CPU = Debug|Any CPU
		Release|Any CPU = Release|Any CPU
	EndGlobalSection
	GlobalSection(ProjectConfigurationPlatforms) = postSolution
		{94ADC09A-239A-4B28-AE6D-FBE286EAB34E}.Debug|Any CPU.ActiveCfg = Debug|Any CPU
		{94ADC09A-239A-4B28-AE6D-FBE286EAB34E}.Debug|Any CPU.Build.0 = Debug|Any CPU
		{94ADC09A-239A-4B28-AE6D-FBE286EAB34E}.Release|Any CPU.ActiveCfg = Release|Any CPU
		{94ADC09A-239A-4B28-AE6D-FBE286EAB34E}.Release|Any CPU.Build.0 = Release|Any CPU
	EndGlobalSection
	GlobalSection(SolutionProperties) = preSolution
		HideSolutionNode = FALSE
	EndGlobalSection
	GlobalSection(ExtensibilityGlobals) = postSolution
		SolutionGuid = {89BBD4B6-82FD-4D0A-80BD-9DF7E31BBF88}
	EndGlobalSection
EndGlobal
